{
  "version": "v1",
  "packages": {
    "adminjs": {
      "signature": "29bce991a09788fed92c6c60c7f626ff",
      "file": true,
      "replaced": "^7.5.2"
    },
    "@adminjs/express": {
      "signature": "9394762e30bdf7420bc375c5d667d66c",
      "file": true,
      "replaced": "^6.0.0"
    },
    "gltfjsx": {
      "signature": "2e6c5cf71c4490cf5bff808baa24469b",
      "file": true,
      "replaced": "^6.2.16"
    }
  }
}